<?xml version="1.0" encoding="UTF-8"?>
<!DOCTYPE plist PUBLIC "-//Apple//DTD PLIST 1.0//EN" "http://www.apple.com/DTDs/PropertyList-1.0.dtd">
<plist version="1.0">
<dict>
	<key>archiveVersion</key>
	<string>1</string>
	<key>classes</key>
	<dict/>
	<key>objectVersion</key>
	<string>44</string>
	<key>objects</key>
	<dict>
		<key>034768DFFF38A50411DB9C8B</key>
		<dict>
			<key>children</key>
			<array>
				<string>8DC2EF5B0486A6940098B216</string>
				<string>5315EE640D94078D001E3B2E</string>
				<string>544133500F7AC489006FFC9E</string>
			</array>
			<key>isa</key>
			<string>PBXGroup</string>
			<key>name</key>
			<string>Products</string>
			<key>sourceTree</key>
			<string>&lt;group&gt;</string>
		</dict>
		<key>0867D690FE84028FC02AAC07</key>
		<dict>
			<key>buildConfigurationList</key>
			<string>1DEB91B108733DA50010E9CD</string>
			<key>compatibilityVersion</key>
			<string>Xcode 3.0</string>
			<key>developmentRegion</key>
			<string>English</string>
			<key>hasScannedForEncodings</key>
			<string>1</string>
			<key>isa</key>
			<string>PBXProject</string>
			<key>knownRegions</key>
			<array>
				<string>en</string>
			</array>
			<key>mainGroup</key>
			<string>0867D691FE84028FC02AAC07</string>
			<key>productRefGroup</key>
			<string>034768DFFF38A50411DB9C8B</string>
			<key>projectDirPath</key>
			<string></string>
			<key>projectRoot</key>
			<string></string>
			<key>targets</key>
			<array>
				<string>8DC2EF4F0486A6940098B216</string>
				<string>5315EE630D94078D001E3B2E</string>
				<string>544133420F7AC489006FFC9E</string>
			</array>
		</dict>
		<key>0867D691FE84028FC02AAC07</key>
		<dict>
			<key>children</key>
			<array>
				<string>08FB77AEFE84172EC02AAC07</string>
				<string>5315EE760D9407F0001E3B2E</string>
				<string>32C88DFF0371C24200C91783</string>
				<string>089C1665FE841158C02AAC07</string>
				<string>0867D69AFE84028FC02AAC07</string>
				<string>034768DFFF38A50411DB9C8B</string>
				<string>545E8DD80F17D31A00E96BEA</string>
				<string>5445CBE00F3B29C800325ED4</string>
				<string>E4B5CB5D12CB466F8D502C89</string>
			</array>
			<key>isa</key>
			<string>PBXGroup</string>
			<key>name</key>
			<string>CouchObjC</string>
			<key>sourceTree</key>
			<string>&lt;group&gt;</string>
		</dict>
		<key>0867D69AFE84028FC02AAC07</key>
		<dict>
			<key>children</key>
			<array>
				<string>1058C7B0FEA5585E11CA2CBB</string>
				<string>1058C7B2FEA5585E11CA2CBB</string>
				<string>619FB667B883468EAF570F08</string>
			</array>
			<key>isa</key>
			<string>PBXGroup</string>
			<key>name</key>
			<string>Frameworks</string>
			<key>sourceTree</key>
			<string>&lt;group&gt;</string>
		</dict>
		<key>0867D69BFE84028FC02AAC07</key>
		<dict>
			<key>includeInIndex</key>
			<string>1</string>
			<key>isa</key>
			<string>PBXFileReference</string>
			<key>lastKnownFileType</key>
			<string>wrapper.framework</string>
			<key>name</key>
			<string>Foundation.framework</string>
			<key>path</key>
			<string>/System/Library/Frameworks/Foundation.framework</string>
			<key>sourceTree</key>
			<string>&lt;absolute&gt;</string>
		</dict>
		<key>0867D6A5FE840307C02AAC07</key>
		<dict>
			<key>isa</key>
			<string>PBXFileReference</string>
			<key>lastKnownFileType</key>
			<string>wrapper.framework</string>
			<key>name</key>
			<string>AppKit.framework</string>
			<key>path</key>
			<string>/System/Library/Frameworks/AppKit.framework</string>
			<key>sourceTree</key>
			<string>&lt;absolute&gt;</string>
		</dict>
		<key>089C1665FE841158C02AAC07</key>
		<dict>
			<key>children</key>
			<array>
				<string>8DC2EF5A0486A6940098B216</string>
				<string>089C1666FE841158C02AAC07</string>
				<string>5315EE650D94078D001E3B2E</string>
				<string>544133510F7AC489006FFC9E</string>
			</array>
			<key>isa</key>
			<string>PBXGroup</string>
			<key>name</key>
			<string>Resources</string>
			<key>sourceTree</key>
			<string>&lt;group&gt;</string>
		</dict>
		<key>089C1666FE841158C02AAC07</key>
		<dict>
			<key>children</key>
			<array>
				<string>089C1667FE841158C02AAC07</string>
			</array>
			<key>isa</key>
			<string>PBXVariantGroup</string>
			<key>name</key>
			<string>InfoPlist.strings</string>
			<key>sourceTree</key>
			<string>&lt;group&gt;</string>
		</dict>
		<key>089C1667FE841158C02AAC07</key>
		<dict>
			<key>fileEncoding</key>
			<string>10</string>
			<key>isa</key>
			<string>PBXFileReference</string>
			<key>lastKnownFileType</key>
			<string>text.plist.strings</string>
			<key>name</key>
			<string>English</string>
			<key>path</key>
			<string>English.lproj/InfoPlist.strings</string>
			<key>sourceTree</key>
			<string>&lt;group&gt;</string>
		</dict>
		<key>08FB77AEFE84172EC02AAC07</key>
		<dict>
			<key>children</key>
			<array>
				<string>5445CC690F3B3C8800325ED4</string>
				<string>540E179E0F30B42C00402ED3</string>
				<string>5315EE5C0D940717001E3B2E</string>
				<string>53905A570D943BD5003D62CE</string>
				<string>53A9DB1C0D94583C0019A94C</string>
				<string>53905A0F0D9429B4003D62CE</string>
				<string>5496302F0F18442600A9B002</string>
				<string>5477687A0F2B8ED300E44AFE</string>
				<string>5445CB910F3B18EE00325ED4</string>
				<string>5445CBBD0F3B1AA400325ED4</string>
				<string>54111F3F0F606B53007EE391</string>
				<string>544E9CE50F803252003F6025</string>
			</array>
			<key>isa</key>
			<string>PBXGroup</string>
			<key>path</key>
			<string>Classes</string>
			<key>sourceTree</key>
			<string>&lt;group&gt;</string>
		</dict>
		<key>0E9D43F95BC1420CAC0698D3</key>
		<dict>
			<key>fileRef</key>
			<string>619FB667B883468EAF570F08</string>
			<key>isa</key>
			<string>PBXBuildFile</string>
		</dict>
		<key>1058C7B0FEA5585E11CA2CBB</key>
		<dict>
			<key>children</key>
			<array>
				<string>540108430F1DA0E9002AC9E5</string>
				<string>1058C7B1FEA5585E11CA2CBB</string>
			</array>
			<key>isa</key>
			<string>PBXGroup</string>
			<key>name</key>
			<string>Linked Frameworks</string>
			<key>sourceTree</key>
			<string>&lt;group&gt;</string>
		</dict>
		<key>1058C7B1FEA5585E11CA2CBB</key>
		<dict>
			<key>isa</key>
			<string>PBXFileReference</string>
			<key>lastKnownFileType</key>
			<string>wrapper.framework</string>
			<key>name</key>
			<string>Cocoa.framework</string>
			<key>path</key>
			<string>/System/Library/Frameworks/Cocoa.framework</string>
			<key>sourceTree</key>
			<string>&lt;absolute&gt;</string>
		</dict>
		<key>1058C7B2FEA5585E11CA2CBB</key>
		<dict>
			<key>children</key>
			<array>
				<string>0867D6A5FE840307C02AAC07</string>
				<string>D2F7E79907B2D74100F64583</string>
				<string>0867D69BFE84028FC02AAC07</string>
			</array>
			<key>isa</key>
			<string>PBXGroup</string>
			<key>name</key>
			<string>Other Frameworks</string>
			<key>sourceTree</key>
			<string>&lt;group&gt;</string>
		</dict>
		<key>1DEB91AD08733DA50010E9CD</key>
		<dict>
			<key>buildConfigurations</key>
			<array>
				<string>1DEB91AE08733DA50010E9CD</string>
				<string>1DEB91AF08733DA50010E9CD</string>
			</array>
			<key>defaultConfigurationIsVisible</key>
			<string>0</string>
			<key>defaultConfigurationName</key>
			<string>Release</string>
			<key>isa</key>
			<string>XCConfigurationList</string>
		</dict>
		<key>1DEB91AE08733DA50010E9CD</key>
		<dict>
			<key>baseConfigurationReference</key>
			<string>E4B5CB5D12CB466F8D502C89</string>
			<key>buildSettings</key>
			<dict>
				<key>ARCHS</key>
				<string>$(NATIVE_ARCH)</string>
				<key>COPY_PHASE_STRIP</key>
				<string>NO</string>
				<key>CURRENT_PROJECT_VERSION</key>
				<string></string>
				<key>DYLIB_COMPATIBILITY_VERSION</key>
				<string>1</string>
				<key>DYLIB_CURRENT_VERSION</key>
				<string>1</string>
				<key>FRAMEWORK_SEARCH_PATHS</key>
				<array>
					<string>$(inherited)</string>
					<string>"$(SRCROOT)/vendor/JSON/build/Release"</string>
					<string>./Frameworks</string>
				</array>
				<key>FRAMEWORK_VERSION</key>
				<string>A</string>
				<key>GCC_DYNAMIC_NO_PIC</key>
				<string>NO</string>
				<key>GCC_ENABLE_FIX_AND_CONTINUE</key>
				<string>YES</string>
				<key>GCC_ENABLE_OBJC_GC</key>
				<string>supported</string>
				<key>GCC_MODEL_TUNING</key>
				<string>G5</string>
				<key>GCC_OPTIMIZATION_LEVEL</key>
				<string>0</string>
				<key>GCC_PRECOMPILE_PREFIX_HEADER</key>
				<string>YES</string>
				<key>GCC_PREFIX_HEADER</key>
				<string>CouchObjC_Prefix.pch</string>
				<key>GCC_PREPROCESSOR_DEFINITIONS</key>
				<string>DEBUG=1</string>
				<key>INFOPLIST_FILE</key>
				<string>Info.plist</string>
				<key>INSTALL_PATH</key>
				<string>@rpath</string>
				<key>LD_RUNPATH_SEARCH_PATHS</key>
				<string>@exectuable_path/../Frameworks @loader_path/Frameworks @exectuable_path/Versions/A/Frameworks</string>
				<key>ONLY_ACTIVE_ARCH</key>
				<string>YES</string>
				<key>PRODUCT_NAME</key>
				<string>CouchObjC</string>
				<key>VERSIONING_SYSTEM</key>
				<string>apple-generic</string>
				<key>VERSION_INFO_PREFIX</key>
				<string>SB</string>
				<key>WRAPPER_EXTENSION</key>
				<string>framework</string>
				<key>ZERO_LINK</key>
				<string>YES</string>
			</dict>
			<key>isa</key>
			<string>XCBuildConfiguration</string>
			<key>name</key>
			<string>Debug</string>
		</dict>
		<key>1DEB91AF08733DA50010E9CD</key>
		<dict>
			<key>baseConfigurationReference</key>
			<string>E4B5CB5D12CB466F8D502C89</string>
			<key>buildSettings</key>
			<dict>
				<key>CURRENT_PROJECT_VERSION</key>
				<string></string>
				<key>DEBUG_INFORMATION_FORMAT</key>
				<string>dwarf-with-dsym</string>
				<key>DYLIB_COMPATIBILITY_VERSION</key>
				<string>1</string>
				<key>DYLIB_CURRENT_VERSION</key>
				<string>1</string>
				<key>FRAMEWORK_SEARCH_PATHS</key>
				<array>
					<string>$(inherited)</string>
					<string>"$(SRCROOT)/vendor/JSON/build/Release"</string>
					<string>./Frameworks</string>
				</array>
				<key>FRAMEWORK_VERSION</key>
				<string>A</string>
				<key>GCC_ENABLE_OBJC_GC</key>
				<string>supported</string>
				<key>GCC_MODEL_TUNING</key>
				<string>G5</string>
				<key>GCC_PRECOMPILE_PREFIX_HEADER</key>
				<string>YES</string>
				<key>GCC_PREFIX_HEADER</key>
				<string>CouchObjC_Prefix.pch</string>
				<key>INFOPLIST_FILE</key>
				<string>Info.plist</string>
				<key>INSTALL_PATH</key>
				<string>@rpath</string>
				<key>LD_RUNPATH_SEARCH_PATHS</key>
				<string></string>
				<key>PRODUCT_NAME</key>
				<string>CouchObjC</string>
				<key>VERSIONING_SYSTEM</key>
				<string>apple-generic</string>
				<key>VERSION_INFO_PREFIX</key>
				<string>SB</string>
				<key>WRAPPER_EXTENSION</key>
				<string>framework</string>
			</dict>
			<key>isa</key>
			<string>XCBuildConfiguration</string>
			<key>name</key>
			<string>Release</string>
		</dict>
		<key>1DEB91B108733DA50010E9CD</key>
		<dict>
			<key>buildConfigurations</key>
			<array>
				<string>1DEB91B208733DA50010E9CD</string>
				<string>1DEB91B308733DA50010E9CD</string>
			</array>
			<key>defaultConfigurationIsVisible</key>
			<string>0</string>
			<key>defaultConfigurationName</key>
			<string>Release</string>
			<key>isa</key>
			<string>XCConfigurationList</string>
		</dict>
		<key>1DEB91B208733DA50010E9CD</key>
		<dict>
			<key>buildSettings</key>
			<dict>
				<key>ARCHS</key>
				<string>$(ARCHS_STANDARD_32_64_BIT_PRE_XCODE_3_1)</string>
				<key>ARCHS_STANDARD_32_64_BIT_PRE_XCODE_3_1</key>
				<string>x86_64 i386 ppc</string>
				<key>GCC_ENABLE_OBJC_GC</key>
				<string>supported</string>
				<key>GCC_WARN_ABOUT_RETURN_TYPE</key>
				<string>YES</string>
				<key>GCC_WARN_UNUSED_VARIABLE</key>
				<string>YES</string>
				<key>LD_RUNPATH_SEARCH_PATHS</key>
				<string>/Users/robevans/Projects/cocoa/couchobj/build/Debug/CouchObjC.framework/Versions/A/Frameworks @exectuable_path/../Frameworks @loader_path/../Frameworks @exectuable_path/Versions/A/Frameworks</string>
				<key>ONLY_ACTIVE_ARCH</key>
				<string>NO</string>
				<key>PREBINDING</key>
				<string>NO</string>
				<key>SDKROOT</key>
				<string>macosx10.7</string>
			</dict>
			<key>isa</key>
			<string>XCBuildConfiguration</string>
			<key>name</key>
			<string>Debug</string>
		</dict>
		<key>1DEB91B308733DA50010E9CD</key>
		<dict>
			<key>buildSettings</key>
			<dict>
				<key>ARCHS</key>
				<string>$(ARCHS_STANDARD_32_64_BIT_PRE_XCODE_3_1)</string>
				<key>ARCHS_STANDARD_32_64_BIT_PRE_XCODE_3_1</key>
				<string>x86_64 i386 ppc</string>
				<key>GCC_ENABLE_OBJC_GC</key>
				<string>supported</string>
				<key>GCC_WARN_ABOUT_RETURN_TYPE</key>
				<string>YES</string>
				<key>GCC_WARN_UNUSED_VARIABLE</key>
				<string>YES</string>
				<key>HEADER_SEARCH_PATHS</key>
				<array>
					<string>@executable_path/../Framework</string>
					<string>@executable_path/../../Framework</string>
					<string>@executable_path/../../../Framework</string>
				</array>
				<key>LD_RUNPATH_SEARCH_PATHS</key>
				<string></string>
				<key>ONLY_ACTIVE_ARCH</key>
				<string>NO</string>
				<key>PREBINDING</key>
				<string>NO</string>
				<key>SDKROOT</key>
				<string>macosx10.7</string>
			</dict>
			<key>isa</key>
			<string>XCBuildConfiguration</string>
			<key>name</key>
			<string>Release</string>
		</dict>
		<key>32C88DFF0371C24200C91783</key>
		<dict>
			<key>children</key>
			<array>
				<string>32DBCF5E0370ADEE00C91783</string>
			</array>
			<key>isa</key>
			<string>PBXGroup</string>
			<key>name</key>
			<string>Other Sources</string>
			<key>sourceTree</key>
			<string>&lt;group&gt;</string>
		</dict>
		<key>32DBCF5E0370ADEE00C91783</key>
		<dict>
			<key>fileEncoding</key>
			<string>4</string>
			<key>isa</key>
			<string>PBXFileReference</string>
			<key>lastKnownFileType</key>
			<string>sourcecode.c.h</string>
			<key>path</key>
			<string>CouchObjC_Prefix.pch</string>
			<key>sourceTree</key>
			<string>&lt;group&gt;</string>
		</dict>
		<key>5315EE5B0D940717001E3B2E</key>
		<dict>
			<key>fileEncoding</key>
			<string>4</string>
			<key>isa</key>
			<string>PBXFileReference</string>
			<key>lastKnownFileType</key>
			<string>sourcecode.c.h</string>
			<key>path</key>
			<string>SBCouchServer.h</string>
			<key>sourceTree</key>
			<string>&lt;group&gt;</string>
		</dict>
		<key>5315EE5C0D940717001E3B2E</key>
		<dict>
			<key>fileEncoding</key>
			<string>4</string>
			<key>isa</key>
			<string>PBXFileReference</string>
			<key>lastKnownFileType</key>
			<string>sourcecode.c.objc</string>
			<key>path</key>
			<string>SBCouchServer.m</string>
			<key>sourceTree</key>
			<string>&lt;group&gt;</string>
		</dict>
		<key>5315EE5D0D940717001E3B2E</key>
		<dict>
			<key>fileRef</key>
			<string>5315EE5B0D940717001E3B2E</string>
			<key>isa</key>
			<string>PBXBuildFile</string>
			<key>settings</key>
			<dict>
				<key>ATTRIBUTES</key>
				<array>
					<string>Private</string>
				</array>
			</dict>
		</dict>
		<key>5315EE5E0D940717001E3B2E</key>
		<dict>
			<key>fileRef</key>
			<string>5315EE5C0D940717001E3B2E</string>
			<key>isa</key>
			<string>PBXBuildFile</string>
		</dict>
		<key>5315EE5F0D94078D001E3B2E</key>
		<dict>
			<key>buildActionMask</key>
			<string>2147483647</string>
			<key>files</key>
			<array/>
			<key>isa</key>
			<string>PBXResourcesBuildPhase</string>
			<key>runOnlyForDeploymentPostprocessing</key>
			<string>0</string>
		</dict>
		<key>5315EE600D94078D001E3B2E</key>
		<dict>
			<key>buildActionMask</key>
			<string>2147483647</string>
			<key>files</key>
			<array>
				<string>5464DD180F925B7700D052E0</string>
				<string>544131230F7A7243006FFC9E</string>
			</array>
			<key>isa</key>
			<string>PBXSourcesBuildPhase</string>
			<key>runOnlyForDeploymentPostprocessing</key>
			<string>0</string>
		</dict>
		<key>5315EE610D94078D001E3B2E</key>
		<dict>
			<key>buildActionMask</key>
			<string>2147483647</string>
			<key>files</key>
			<array>
				<string>541FAE4B0F58E515008099B8</string>
			</array>
			<key>isa</key>
			<string>PBXFrameworksBuildPhase</string>
			<key>runOnlyForDeploymentPostprocessing</key>
			<string>0</string>
		</dict>
		<key>5315EE620D94078D001E3B2E</key>
		<dict>
			<key>buildActionMask</key>
			<string>2147483647</string>
			<key>files</key>
			<array/>
			<key>inputPaths</key>
			<array/>
			<key>isa</key>
			<string>PBXShellScriptBuildPhase</string>
			<key>outputPaths</key>
			<array/>
			<key>runOnlyForDeploymentPostprocessing</key>
			<string>0</string>
			<key>shellPath</key>
			<string>/bin/sh</string>
			<key>shellScript</key>
			<string># Run the unit tests in this test bundle.
"${SYSTEM_DEVELOPER_DIR}/Tools/RunUnitTests"
</string>
		</dict>
		<key>5315EE630D94078D001E3B2E</key>
		<dict>
			<key>buildConfigurationList</key>
			<string>5315EE6A0D94078F001E3B2E</string>
			<key>buildPhases</key>
			<array>
				<string>5315EE5F0D94078D001E3B2E</string>
				<string>5315EE600D94078D001E3B2E</string>
				<string>5315EE610D94078D001E3B2E</string>
				<string>5315EE620D94078D001E3B2E</string>
			</array>
			<key>buildRules</key>
			<array/>
			<key>dependencies</key>
			<array>
				<string>5315EE6C0D940796001E3B2E</string>
			</array>
			<key>isa</key>
			<string>PBXNativeTarget</string>
			<key>name</key>
			<string>Tests</string>
			<key>productName</key>
			<string>Tests</string>
			<key>productReference</key>
			<string>5315EE640D94078D001E3B2E</string>
			<key>productType</key>
			<string>com.apple.product-type.bundle</string>
		</dict>
		<key>5315EE640D94078D001E3B2E</key>
		<dict>
			<key>explicitFileType</key>
			<string>wrapper.cfbundle</string>
			<key>includeInIndex</key>
			<string>0</string>
			<key>isa</key>
			<string>PBXFileReference</string>
			<key>name</key>
			<string>Tests.octest</string>
			<key>path</key>
			<string>Tests.octest</string>
			<key>sourceTree</key>
			<string>BUILT_PRODUCTS_DIR</string>
		</dict>
		<key>5315EE650D94078D001E3B2E</key>
		<dict>
			<key>isa</key>
			<string>PBXFileReference</string>
			<key>lastKnownFileType</key>
			<string>text.plist.xml</string>
			<key>path</key>
			<string>Tests-Info.plist</string>
			<key>sourceTree</key>
			<string>&lt;group&gt;</string>
		</dict>
		<key>5315EE680D94078E001E3B2E</key>
		<dict>
			<key>buildSettings</key>
			<dict>
				<key>ARCHS</key>
				<string>$(NATIVE_ARCH)</string>
				<key>COPY_PHASE_STRIP</key>
				<string>NO</string>
				<key>FRAMEWORK_SEARCH_PATHS</key>
				<array>
					<string>"$(SRCROOT)/vendor/JSON/build/Release"</string>
					<string>$(DEVELOPER_LIBRARY_DIR)/Frameworks</string>
				</array>
				<key>GCC_DYNAMIC_NO_PIC</key>
				<string>NO</string>
				<key>GCC_ENABLE_FIX_AND_CONTINUE</key>
				<string>NO</string>
				<key>GCC_ENABLE_OBJC_EXCEPTIONS</key>
				<string>YES</string>
				<key>GCC_ENABLE_OBJC_GC</key>
				<string>unsupported</string>
				<key>GCC_MODEL_TUNING</key>
				<string>G5</string>
				<key>GCC_OPTIMIZATION_LEVEL</key>
				<string>0</string>
				<key>GCC_PRECOMPILE_PREFIX_HEADER</key>
				<string>YES</string>
				<key>GCC_PREFIX_HEADER</key>
				<string>$(SYSTEM_LIBRARY_DIR)/Frameworks/Cocoa.framework/Headers/Cocoa.h</string>
				<key>GCC_PREPROCESSOR_DEFINITIONS</key>
				<string>DEBUG=1</string>
				<key>GCC_WARN_64_TO_32_BIT_CONVERSION</key>
				<string>NO</string>
				<key>INFOPLIST_FILE</key>
				<string>Tests-Info.plist</string>
				<key>INSTALL_PATH</key>
				<string>$(USER_LIBRARY_DIR)/Bundles</string>
				<key>LD_RUNPATH_SEARCH_PATHS</key>
				<string>@exectuable_path/../Frameworks Frameworks @loader_path/../Frameworks @exectuable_path/Versions/A/Frameworks</string>
				<key>ONLY_ACTIVE_ARCH</key>
				<string>NO</string>
				<key>OTHER_LDFLAGS</key>
				<array>
					<string>-framework</string>
					<string>Cocoa</string>
					<string>-framework</string>
					<string>SenTestingKit</string>
				</array>
				<key>PREBINDING</key>
				<string>NO</string>
				<key>PRODUCT_NAME</key>
				<string>Tests</string>
				<key>WRAPPER_EXTENSION</key>
				<string>octest</string>
			</dict>
			<key>isa</key>
			<string>XCBuildConfiguration</string>
			<key>name</key>
			<string>Debug</string>
		</dict>
		<key>5315EE690D94078E001E3B2E</key>
		<dict>
			<key>buildSettings</key>
			<dict>
				<key>COPY_PHASE_STRIP</key>
				<string>YES</string>
				<key>DEBUG_INFORMATION_FORMAT</key>
				<string>dwarf-with-dsym</string>
				<key>FRAMEWORK_SEARCH_PATHS</key>
				<array>
					<string>"$(SRCROOT)/vendor/JSON/build/Release"</string>
					<string>$(DEVELOPER_LIBRARY_DIR)/Frameworks</string>
				</array>
				<key>GCC_ENABLE_FIX_AND_CONTINUE</key>
				<string>NO</string>
				<key>GCC_ENABLE_OBJC_EXCEPTIONS</key>
				<string>YES</string>
				<key>GCC_MODEL_TUNING</key>
				<string>G5</string>
				<key>GCC_PRECOMPILE_PREFIX_HEADER</key>
				<string>YES</string>
				<key>GCC_PREFIX_HEADER</key>
				<string>$(SYSTEM_LIBRARY_DIR)/Frameworks/Cocoa.framework/Headers/Cocoa.h</string>
				<key>INFOPLIST_FILE</key>
				<string>Tests-Info.plist</string>
				<key>INSTALL_PATH</key>
				<string>$(USER_LIBRARY_DIR)/Bundles</string>
				<key>OTHER_LDFLAGS</key>
				<array>
					<string>-framework</string>
					<string>Cocoa</string>
					<string>-framework</string>
					<string>SenTestingKit</string>
				</array>
				<key>PREBINDING</key>
				<string>NO</string>
				<key>PRODUCT_NAME</key>
				<string>Tests</string>
				<key>WRAPPER_EXTENSION</key>
				<string>octest</string>
				<key>ZERO_LINK</key>
				<string>NO</string>
			</dict>
			<key>isa</key>
			<string>XCBuildConfiguration</string>
			<key>name</key>
			<string>Release</string>
		</dict>
		<key>5315EE6A0D94078F001E3B2E</key>
		<dict>
			<key>buildConfigurations</key>
			<array>
				<string>5315EE680D94078E001E3B2E</string>
				<string>5315EE690D94078E001E3B2E</string>
			</array>
			<key>defaultConfigurationIsVisible</key>
			<string>0</string>
			<key>defaultConfigurationName</key>
			<string>Release</string>
			<key>isa</key>
			<string>XCConfigurationList</string>
		</dict>
		<key>5315EE6B0D940796001E3B2E</key>
		<dict>
			<key>containerPortal</key>
			<string>0867D690FE84028FC02AAC07</string>
			<key>isa</key>
			<string>PBXContainerItemProxy</string>
			<key>proxyType</key>
			<string>1</string>
			<key>remoteGlobalIDString</key>
			<string>8DC2EF4F0486A6940098B216</string>
			<key>remoteInfo</key>
			<string>CouchObjC</string>
		</dict>
		<key>5315EE6C0D940796001E3B2E</key>
		<dict>
			<key>isa</key>
			<string>PBXTargetDependency</string>
			<key>target</key>
			<string>8DC2EF4F0486A6940098B216</string>
			<key>targetProxy</key>
			<string>5315EE6B0D940796001E3B2E</string>
		</dict>
		<key>5315EE760D9407F0001E3B2E</key>
		<dict>
			<key>children</key>
			<array>
				<string>5315EE780D940818001E3B2E</string>
				<string>53905A500D9430CD003D62CE</string>
				<string>53905A130D9429CE003D62CE</string>
				<string>547767F60F2B812B00E44AFE</string>
				<string>5477680E0F2B83C800E44AFE</string>
				<string>547768AE0F2B91ED00E44AFE</string>
				<string>5445CD2E0F3B4A8F00325ED4</string>
				<string>5445CDC20F3B50B700325ED4</string>
				<string>54F989600F40D78000CAF6B0</string>
				<string>547767ED0F2B80A900E44AFE</string>
				<string>5495B2E40F585D77007CEAEB</string>
				<string>54111E970F5F1A80007EE391</string>
				<string>5411200A0F60CFFD007EE391</string>
				<string>54111F480F6073D1007EE391</string>
				<string>54A70F020F685770004F7D2D</string>
			</array>
			<key>isa</key>
			<string>PBXGroup</string>
			<key>path</key>
			<string>Tests</string>
			<key>sourceTree</key>
			<string>&lt;group&gt;</string>
		</dict>
		<key>5315EE780D940818001E3B2E</key>
		<dict>
			<key>fileEncoding</key>
			<string>4</string>
			<key>isa</key>
			<string>PBXFileReference</string>
			<key>lastKnownFileType</key>
			<string>sourcecode.c.objc</string>
			<key>path</key>
			<string>Server.m</string>
			<key>sourceTree</key>
			<string>&lt;group&gt;</string>
		</dict>
		<key>5315EE8B0D941085001E3B2E</key>
		<dict>
			<key>fileRef</key>
			<string>0867D69BFE84028FC02AAC07</string>
			<key>isa</key>
			<string>PBXBuildFile</string>
		</dict>
		<key>53905A0E0D9429B4003D62CE</key>
		<dict>
			<key>fileEncoding</key>
			<string>4</string>
			<key>isa</key>
			<string>PBXFileReference</string>
			<key>lastKnownFileType</key>
			<string>sourcecode.c.h</string>
			<key>path</key>
			<string>NSDictionary+CouchObjC.h</string>
			<key>sourceTree</key>
			<string>&lt;group&gt;</string>
		</dict>
		<key>53905A0F0D9429B4003D62CE</key>
		<dict>
			<key>fileEncoding</key>
			<string>4</string>
			<key>isa</key>
			<string>PBXFileReference</string>
			<key>lastKnownFileType</key>
			<string>sourcecode.c.objc</string>
			<key>path</key>
			<string>NSDictionary+CouchObjC.m</string>
			<key>sourceTree</key>
			<string>&lt;group&gt;</string>
		</dict>
		<key>53905A100D9429B4003D62CE</key>
		<dict>
			<key>fileRef</key>
			<string>53905A0E0D9429B4003D62CE</string>
			<key>isa</key>
			<string>PBXBuildFile</string>
			<key>settings</key>
			<dict>
				<key>ATTRIBUTES</key>
				<array>
					<string>Private</string>
				</array>
			</dict>
		</dict>
		<key>53905A110D9429B4003D62CE</key>
		<dict>
			<key>fileRef</key>
			<string>53905A0F0D9429B4003D62CE</string>
			<key>isa</key>
			<string>PBXBuildFile</string>
		</dict>
		<key>53905A130D9429CE003D62CE</key>
		<dict>
			<key>fileEncoding</key>
			<string>4</string>
			<key>isa</key>
			<string>PBXFileReference</string>
			<key>lastKnownFileType</key>
			<string>sourcecode.c.objc</string>
			<key>path</key>
			<string>Document.m</string>
			<key>sourceTree</key>
			<string>&lt;group&gt;</string>
		</dict>
		<key>53905A500D9430CD003D62CE</key>
		<dict>
			<key>fileEncoding</key>
			<string>4</string>
			<key>isa</key>
			<string>PBXFileReference</string>
			<key>lastKnownFileType</key>
			<string>sourcecode.c.objc</string>
			<key>path</key>
			<string>Database.m</string>
			<key>sourceTree</key>
			<string>&lt;group&gt;</string>
		</dict>
		<key>53905A560D943BD5003D62CE</key>
		<dict>
			<key>fileEncoding</key>
			<string>4</string>
			<key>isa</key>
			<string>PBXFileReference</string>
			<key>lastKnownFileType</key>
			<string>sourcecode.c.h</string>
			<key>path</key>
			<string>SBCouchDatabase.h</string>
			<key>sourceTree</key>
			<string>&lt;group&gt;</string>
		</dict>
		<key>53905A570D943BD5003D62CE</key>
		<dict>
			<key>fileEncoding</key>
			<string>4</string>
			<key>isa</key>
			<string>PBXFileReference</string>
			<key>lastKnownFileType</key>
			<string>sourcecode.c.objc</string>
			<key>path</key>
			<string>SBCouchDatabase.m</string>
			<key>sourceTree</key>
			<string>&lt;group&gt;</string>
		</dict>
		<key>53905A580D943BD5003D62CE</key>
		<dict>
			<key>fileRef</key>
			<string>53905A560D943BD5003D62CE</string>
			<key>isa</key>
			<string>PBXBuildFile</string>
			<key>settings</key>
			<dict>
				<key>ATTRIBUTES</key>
				<array>
					<string>Private</string>
				</array>
			</dict>
		</dict>
		<key>53905A590D943BD5003D62CE</key>
		<dict>
			<key>fileRef</key>
			<string>53905A570D943BD5003D62CE</string>
			<key>isa</key>
			<string>PBXBuildFile</string>
		</dict>
		<key>53905A820D943DF8003D62CE</key>
		<dict>
			<key>fileEncoding</key>
			<string>4</string>
			<key>isa</key>
			<string>PBXFileReference</string>
			<key>lastKnownFileType</key>
			<string>sourcecode.c.h</string>
			<key>path</key>
			<string>CouchObjC.h</string>
			<key>sourceTree</key>
			<string>&lt;group&gt;</string>
		</dict>
		<key>53905A830D943DF8003D62CE</key>
		<dict>
			<key>fileRef</key>
			<string>53905A820D943DF8003D62CE</string>
			<key>isa</key>
			<string>PBXBuildFile</string>
			<key>settings</key>
			<dict>
				<key>ATTRIBUTES</key>
				<array>
					<string>Public</string>
				</array>
			</dict>
		</dict>
		<key>53A9DB1B0D94583C0019A94C</key>
		<dict>
			<key>fileEncoding</key>
			<string>4</string>
			<key>isa</key>
			<string>PBXFileReference</string>
			<key>lastKnownFileType</key>
			<string>sourcecode.c.h</string>
			<key>path</key>
			<string>SBCouchResponse.h</string>
			<key>sourceTree</key>
			<string>&lt;group&gt;</string>
		</dict>
		<key>53A9DB1C0D94583C0019A94C</key>
		<dict>
			<key>fileEncoding</key>
			<string>4</string>
			<key>isa</key>
			<string>PBXFileReference</string>
			<key>lastKnownFileType</key>
			<string>sourcecode.c.objc</string>
			<key>path</key>
			<string>SBCouchResponse.m</string>
			<key>sourceTree</key>
			<string>&lt;group&gt;</string>
		</dict>
		<key>53A9DB1D0D94583C0019A94C</key>
		<dict>
			<key>fileRef</key>
			<string>53A9DB1B0D94583C0019A94C</string>
			<key>isa</key>
			<string>PBXBuildFile</string>
			<key>settings</key>
			<dict>
				<key>ATTRIBUTES</key>
				<array>
					<string>Private</string>
				</array>
			</dict>
		</dict>
		<key>53A9DB1E0D94583C0019A94C</key>
		<dict>
			<key>fileRef</key>
			<string>53A9DB1C0D94583C0019A94C</string>
			<key>isa</key>
			<string>PBXBuildFile</string>
		</dict>
		<key>53A9DBBB0D947A290019A94C</key>
		<dict>
			<key>buildActionMask</key>
			<string>2147483647</string>
			<key>dstPath</key>
			<string></string>
			<key>dstSubfolderSpec</key>
			<string>10</string>
			<key>files</key>
			<array>
				<string>5477677B0F2B5B2800E44AFE</string>
			</array>
			<key>isa</key>
			<string>PBXCopyFilesBuildPhase</string>
			<key>runOnlyForDeploymentPostprocessing</key>
			<string>0</string>
		</dict>
		<key>540108430F1DA0E9002AC9E5</key>
		<dict>
			<key>includeInIndex</key>
			<string>1</string>
			<key>isa</key>
			<string>PBXFileReference</string>
			<key>lastKnownFileType</key>
			<string>wrapper.framework</string>
			<key>name</key>
			<string>JSON.framework</string>
			<key>path</key>
			<string>vendor/JSON/build/Release/JSON.framework</string>
			<key>sourceTree</key>
			<string>SOURCE_ROOT</string>
		</dict>
		<key>540108440F1DA0E9002AC9E5</key>
		<dict>
			<key>fileRef</key>
			<string>540108430F1DA0E9002AC9E5</string>
			<key>isa</key>
			<string>PBXBuildFile</string>
		</dict>
		<key>540E179E0F30B42C00402ED3</key>
		<dict>
			<key>fileEncoding</key>
			<string>4</string>
			<key>isa</key>
			<string>PBXFileReference</string>
			<key>lastKnownFileType</key>
			<string>sourcecode.c.objc</string>
			<key>path</key>
			<string>SBOrderedDictionary.m</string>
			<key>sourceTree</key>
			<string>&lt;group&gt;</string>
		</dict>
		<key>540E17A00F30B42C00402ED3</key>
		<dict>
			<key>fileRef</key>
			<string>540E179E0F30B42C00402ED3</string>
			<key>isa</key>
			<string>PBXBuildFile</string>
		</dict>
		<key>54111E970F5F1A80007EE391</key>
		<dict>
			<key>fileEncoding</key>
			<string>4</string>
			<key>isa</key>
			<string>PBXFileReference</string>
			<key>lastKnownFileType</key>
			<string>sourcecode.c.objc</string>
			<key>path</key>
			<string>SBEnumeratorIntegrationTest.m</string>
			<key>sourceTree</key>
			<string>&lt;group&gt;</string>
		</dict>
		<key>54111F3E0F606B53007EE391</key>
		<dict>
			<key>fileEncoding</key>
			<string>4</string>
			<key>isa</key>
			<string>PBXFileReference</string>
			<key>lastKnownFileType</key>
			<string>sourcecode.c.h</string>
			<key>path</key>
			<string>SBCouchQueryOptions.h</string>
			<key>sourceTree</key>
			<string>&lt;group&gt;</string>
		</dict>
		<key>54111F3F0F606B53007EE391</key>
		<dict>
			<key>fileEncoding</key>
			<string>4</string>
			<key>isa</key>
			<string>PBXFileReference</string>
			<key>lastKnownFileType</key>
			<string>sourcecode.c.objc</string>
			<key>path</key>
			<string>SBCouchQueryOptions.m</string>
			<key>sourceTree</key>
			<string>&lt;group&gt;</string>
		</dict>
		<key>54111F400F606B53007EE391</key>
		<dict>
			<key>fileRef</key>
			<string>54111F3E0F606B53007EE391</string>
			<key>isa</key>
			<string>PBXBuildFile</string>
			<key>settings</key>
			<dict>
				<key>ATTRIBUTES</key>
				<array>
					<string>Private</string>
				</array>
			</dict>
		</dict>
		<key>54111F410F606B53007EE391</key>
		<dict>
			<key>fileRef</key>
			<string>54111F3F0F606B53007EE391</string>
			<key>isa</key>
			<string>PBXBuildFile</string>
		</dict>
		<key>54111F480F6073D1007EE391</key>
		<dict>
			<key>fileEncoding</key>
			<string>4</string>
			<key>isa</key>
			<string>PBXFileReference</string>
			<key>lastKnownFileType</key>
			<string>sourcecode.c.objc</string>
			<key>path</key>
			<string>SBQueryOptionsIntegrationTest.m</string>
			<key>sourceTree</key>
			<string>&lt;group&gt;</string>
		</dict>
		<key>5411200A0F60CFFD007EE391</key>
		<dict>
			<key>fileEncoding</key>
			<string>4</string>
			<key>isa</key>
			<string>PBXFileReference</string>
			<key>lastKnownFileType</key>
			<string>sourcecode.c.objc</string>
			<key>path</key>
			<string>SBCouchQueryOptionsTest.m</string>
			<key>sourceTree</key>
			<string>&lt;group&gt;</string>
		</dict>
		<key>541FAE4B0F58E515008099B8</key>
		<dict>
			<key>fileRef</key>
			<string>8DC2EF5B0486A6940098B216</string>
			<key>isa</key>
			<string>PBXBuildFile</string>
		</dict>
		<key>544131230F7A7243006FFC9E</key>
		<dict>
			<key>fileRef</key>
			<string>547767F60F2B812B00E44AFE</string>
			<key>isa</key>
			<string>PBXBuildFile</string>
		</dict>
		<key>544133420F7AC489006FFC9E</key>
		<dict>
			<key>buildConfigurationList</key>
			<string>5441334D0F7AC489006FFC9E</string>
			<key>buildPhases</key>
			<array>
				<string>544133450F7AC489006FFC9E</string>
				<string>544133460F7AC489006FFC9E</string>
				<string>5441334A0F7AC489006FFC9E</string>
				<string>5441334C0F7AC489006FFC9E</string>
			</array>
			<key>buildRules</key>
			<array/>
			<key>dependencies</key>
			<array>
				<string>544133430F7AC489006FFC9E</string>
			</array>
			<key>isa</key>
			<string>PBXNativeTarget</string>
			<key>name</key>
			<string>All Tests</string>
			<key>productName</key>
			<string>Tests</string>
			<key>productReference</key>
			<string>544133500F7AC489006FFC9E</string>
			<key>productType</key>
			<string>com.apple.product-type.bundle</string>
		</dict>
		<key>544133430F7AC489006FFC9E</key>
		<dict>
			<key>isa</key>
			<string>PBXTargetDependency</string>
			<key>target</key>
			<string>8DC2EF4F0486A6940098B216</string>
			<key>targetProxy</key>
			<string>544133440F7AC489006FFC9E</string>
		</dict>
		<key>544133440F7AC489006FFC9E</key>
		<dict>
			<key>containerPortal</key>
			<string>0867D690FE84028FC02AAC07</string>
			<key>isa</key>
			<string>PBXContainerItemProxy</string>
			<key>proxyType</key>
			<string>1</string>
			<key>remoteGlobalIDString</key>
			<string>8DC2EF4F0486A6940098B216</string>
			<key>remoteInfo</key>
			<string>CouchObjC</string>
		</dict>
		<key>544133450F7AC489006FFC9E</key>
		<dict>
			<key>buildActionMask</key>
			<string>2147483647</string>
			<key>files</key>
			<array/>
			<key>isa</key>
			<string>PBXResourcesBuildPhase</string>
			<key>runOnlyForDeploymentPostprocessing</key>
			<string>0</string>
		</dict>
		<key>544133460F7AC489006FFC9E</key>
		<dict>
			<key>buildActionMask</key>
			<string>2147483647</string>
			<key>files</key>
			<array>
				<string>544133550F7AC4BC006FFC9E</string>
				<string>544133560F7AC4BC006FFC9E</string>
				<string>544133570F7AC4BC006FFC9E</string>
				<string>544133580F7AC4BC006FFC9E</string>
				<string>544133590F7AC4BC006FFC9E</string>
				<string>5441335A0F7AC4BC006FFC9E</string>
				<string>5441335B0F7AC4BC006FFC9E</string>
				<string>5441335C0F7AC4BC006FFC9E</string>
				<string>5441335D0F7AC4BC006FFC9E</string>
				<string>5441335E0F7AC4BC006FFC9E</string>
				<string>5441335F0F7AC4BC006FFC9E</string>
				<string>544133600F7AC4BC006FFC9E</string>
				<string>544133610F7AC4BC006FFC9E</string>
				<string>544133620F7AC4BC006FFC9E</string>
			</array>
			<key>isa</key>
			<string>PBXSourcesBuildPhase</string>
			<key>runOnlyForDeploymentPostprocessing</key>
			<string>0</string>
		</dict>
		<key>5441334A0F7AC489006FFC9E</key>
		<dict>
			<key>buildActionMask</key>
			<string>2147483647</string>
			<key>files</key>
			<array>
				<string>5441334B0F7AC489006FFC9E</string>
			</array>
			<key>isa</key>
			<string>PBXFrameworksBuildPhase</string>
			<key>runOnlyForDeploymentPostprocessing</key>
			<string>0</string>
		</dict>
		<key>5441334B0F7AC489006FFC9E</key>
		<dict>
			<key>fileRef</key>
			<string>8DC2EF5B0486A6940098B216</string>
			<key>isa</key>
			<string>PBXBuildFile</string>
		</dict>
		<key>5441334C0F7AC489006FFC9E</key>
		<dict>
			<key>buildActionMask</key>
			<string>2147483647</string>
			<key>files</key>
			<array/>
			<key>inputPaths</key>
			<array/>
			<key>isa</key>
			<string>PBXShellScriptBuildPhase</string>
			<key>outputPaths</key>
			<array/>
			<key>runOnlyForDeploymentPostprocessing</key>
			<string>0</string>
			<key>shellPath</key>
			<string>/bin/sh</string>
			<key>shellScript</key>
			<string># Run the unit tests in this test bundle.
"${SYSTEM_DEVELOPER_DIR}/Tools/RunUnitTests"
</string>
		</dict>
		<key>5441334D0F7AC489006FFC9E</key>
		<dict>
			<key>buildConfigurations</key>
			<array>
				<string>5441334E0F7AC489006FFC9E</string>
				<string>5441334F0F7AC489006FFC9E</string>
			</array>
			<key>defaultConfigurationIsVisible</key>
			<string>0</string>
			<key>defaultConfigurationName</key>
			<string>Release</string>
			<key>isa</key>
			<string>XCConfigurationList</string>
		</dict>
		<key>5441334E0F7AC489006FFC9E</key>
		<dict>
			<key>buildSettings</key>
			<dict>
				<key>ARCHS</key>
				<string>$(NATIVE_ARCH)</string>
				<key>COPY_PHASE_STRIP</key>
				<string>NO</string>
				<key>FRAMEWORK_SEARCH_PATHS</key>
				<array>
					<string>\"$(SRCROOT)/vendor/JSON/build/Release\"</string>
					<string>$(DEVELOPER_LIBRARY_DIR)/Frameworks</string>
					<string>"$(SRCROOT)/vendor/JSON/build/Release"</string>
				</array>
				<key>GCC_DYNAMIC_NO_PIC</key>
				<string>NO</string>
				<key>GCC_ENABLE_FIX_AND_CONTINUE</key>
				<string>NO</string>
				<key>GCC_ENABLE_OBJC_EXCEPTIONS</key>
				<string>YES</string>
				<key>GCC_ENABLE_OBJC_GC</key>
				<string>supported</string>
				<key>GCC_MODEL_TUNING</key>
				<string>G5</string>
				<key>GCC_OPTIMIZATION_LEVEL</key>
				<string>0</string>
				<key>GCC_PRECOMPILE_PREFIX_HEADER</key>
				<string>YES</string>
				<key>GCC_PREFIX_HEADER</key>
				<string>$(SYSTEM_LIBRARY_DIR)/Frameworks/Cocoa.framework/Headers/Cocoa.h</string>
				<key>GCC_PREPROCESSOR_DEFINITIONS</key>
				<string>DEBUG=1</string>
				<key>GCC_WARN_64_TO_32_BIT_CONVERSION</key>
				<string>NO</string>
				<key>INFOPLIST_FILE</key>
				<string>/Users/robevans/Projects/cocoa/couchobj/Tests-Info copy.plist</string>
				<key>INSTALL_PATH</key>
				<string>$(USER_LIBRARY_DIR)/Bundles</string>
				<key>LD_RUNPATH_SEARCH_PATHS</key>
				<string>@exectuable_path/../Frameworks Frameworks @loader_path/../Frameworks @exectuable_path/Versions/A/Frameworks</string>
				<key>ONLY_ACTIVE_ARCH</key>
				<string>NO</string>
				<key>OTHER_LDFLAGS</key>
				<array>
					<string>-framework</string>
					<string>Cocoa</string>
					<string>-framework</string>
					<string>SenTestingKit</string>
				</array>
				<key>PREBINDING</key>
				<string>NO</string>
				<key>PRODUCT_NAME</key>
				<string>AllTests</string>
				<key>WRAPPER_EXTENSION</key>
				<string>octest</string>
			</dict>
			<key>isa</key>
			<string>XCBuildConfiguration</string>
			<key>name</key>
			<string>Debug</string>
		</dict>
		<key>5441334F0F7AC489006FFC9E</key>
		<dict>
			<key>buildSettings</key>
			<dict>
				<key>COPY_PHASE_STRIP</key>
				<string>YES</string>
				<key>DEBUG_INFORMATION_FORMAT</key>
				<string>dwarf-with-dsym</string>
				<key>FRAMEWORK_SEARCH_PATHS</key>
				<array>
					<string>\"$(SRCROOT)/vendor/JSON/build/Release\"</string>
					<string>$(DEVELOPER_LIBRARY_DIR)/Frameworks</string>
					<string>"$(SRCROOT)/vendor/JSON/build/Release"</string>
				</array>
				<key>GCC_ENABLE_FIX_AND_CONTINUE</key>
				<string>NO</string>
				<key>GCC_ENABLE_OBJC_EXCEPTIONS</key>
				<string>YES</string>
				<key>GCC_MODEL_TUNING</key>
				<string>G5</string>
				<key>GCC_PRECOMPILE_PREFIX_HEADER</key>
				<string>YES</string>
				<key>GCC_PREFIX_HEADER</key>
				<string>$(SYSTEM_LIBRARY_DIR)/Frameworks/Cocoa.framework/Headers/Cocoa.h</string>
				<key>INFOPLIST_FILE</key>
				<string>/Users/robevans/Projects/cocoa/couchobj/Tests-Info copy.plist</string>
				<key>INSTALL_PATH</key>
				<string>$(USER_LIBRARY_DIR)/Bundles</string>
				<key>OTHER_LDFLAGS</key>
				<array>
					<string>-framework</string>
					<string>Cocoa</string>
					<string>-framework</string>
					<string>SenTestingKit</string>
				</array>
				<key>PREBINDING</key>
				<string>NO</string>
				<key>PRODUCT_NAME</key>
				<string>Tests</string>
				<key>WRAPPER_EXTENSION</key>
				<string>octest</string>
				<key>ZERO_LINK</key>
				<string>NO</string>
			</dict>
			<key>isa</key>
			<string>XCBuildConfiguration</string>
			<key>name</key>
			<string>Release</string>
		</dict>
		<key>544133500F7AC489006FFC9E</key>
		<dict>
			<key>explicitFileType</key>
			<string>wrapper.cfbundle</string>
			<key>includeInIndex</key>
			<string>0</string>
			<key>isa</key>
			<string>PBXFileReference</string>
			<key>name</key>
			<string>AllTests.octest</string>
			<key>path</key>
			<string>AllTests.octest</string>
			<key>sourceTree</key>
			<string>BUILT_PRODUCTS_DIR</string>
		</dict>
		<key>544133510F7AC489006FFC9E</key>
		<dict>
			<key>isa</key>
			<string>PBXFileReference</string>
			<key>lastKnownFileType</key>
			<string>text.plist.xml</string>
			<key>path</key>
			<string>Tests-Info copy.plist</string>
			<key>sourceTree</key>
			<string>&lt;group&gt;</string>
		</dict>
		<key>544133550F7AC4BC006FFC9E</key>
		<dict>
			<key>fileRef</key>
			<string>5315EE780D940818001E3B2E</string>
			<key>isa</key>
			<string>PBXBuildFile</string>
		</dict>
		<key>544133560F7AC4BC006FFC9E</key>
		<dict>
			<key>fileRef</key>
			<string>53905A500D9430CD003D62CE</string>
			<key>isa</key>
			<string>PBXBuildFile</string>
		</dict>
		<key>544133570F7AC4BC006FFC9E</key>
		<dict>
			<key>fileRef</key>
			<string>53905A130D9429CE003D62CE</string>
			<key>isa</key>
			<string>PBXBuildFile</string>
		</dict>
		<key>544133580F7AC4BC006FFC9E</key>
		<dict>
			<key>fileRef</key>
			<string>547767F60F2B812B00E44AFE</string>
			<key>isa</key>
			<string>PBXBuildFile</string>
		</dict>
		<key>544133590F7AC4BC006FFC9E</key>
		<dict>
			<key>fileRef</key>
			<string>547768AE0F2B91ED00E44AFE</string>
			<key>isa</key>
			<string>PBXBuildFile</string>
		</dict>
		<key>5441335A0F7AC4BC006FFC9E</key>
		<dict>
			<key>fileRef</key>
			<string>5445CD2E0F3B4A8F00325ED4</string>
			<key>isa</key>
			<string>PBXBuildFile</string>
		</dict>
		<key>5441335B0F7AC4BC006FFC9E</key>
		<dict>
			<key>fileRef</key>
			<string>5445CDC20F3B50B700325ED4</string>
			<key>isa</key>
			<string>PBXBuildFile</string>
		</dict>
		<key>5441335C0F7AC4BC006FFC9E</key>
		<dict>
			<key>fileRef</key>
			<string>54F989600F40D78000CAF6B0</string>
			<key>isa</key>
			<string>PBXBuildFile</string>
		</dict>
		<key>5441335D0F7AC4BC006FFC9E</key>
		<dict>
			<key>fileRef</key>
			<string>547767ED0F2B80A900E44AFE</string>
			<key>isa</key>
			<string>PBXBuildFile</string>
		</dict>
		<key>5441335E0F7AC4BC006FFC9E</key>
		<dict>
			<key>fileRef</key>
			<string>5495B2E40F585D77007CEAEB</string>
			<key>isa</key>
			<string>PBXBuildFile</string>
		</dict>
		<key>5441335F0F7AC4BC006FFC9E</key>
		<dict>
			<key>fileRef</key>
			<string>54111E970F5F1A80007EE391</string>
			<key>isa</key>
			<string>PBXBuildFile</string>
		</dict>
		<key>544133600F7AC4BC006FFC9E</key>
		<dict>
			<key>fileRef</key>
			<string>5411200A0F60CFFD007EE391</string>
			<key>isa</key>
			<string>PBXBuildFile</string>
		</dict>
		<key>544133610F7AC4BC006FFC9E</key>
		<dict>
			<key>fileRef</key>
			<string>54111F480F6073D1007EE391</string>
			<key>isa</key>
			<string>PBXBuildFile</string>
		</dict>
		<key>544133620F7AC4BC006FFC9E</key>
		<dict>
			<key>fileRef</key>
			<string>54A70F020F685770004F7D2D</string>
			<key>isa</key>
			<string>PBXBuildFile</string>
		</dict>
		<key>5445CB900F3B18EE00325ED4</key>
		<dict>
			<key>fileEncoding</key>
			<string>4</string>
			<key>isa</key>
			<string>PBXFileReference</string>
			<key>lastKnownFileType</key>
			<string>sourcecode.c.h</string>
			<key>path</key>
			<string>SBCouchDesignDocument.h</string>
			<key>sourceTree</key>
			<string>&lt;group&gt;</string>
		</dict>
		<key>5445CB910F3B18EE00325ED4</key>
		<dict>
			<key>fileEncoding</key>
			<string>4</string>
			<key>isa</key>
			<string>PBXFileReference</string>
			<key>lastKnownFileType</key>
			<string>sourcecode.c.objc</string>
			<key>path</key>
			<string>SBCouchDesignDocument.m</string>
			<key>sourceTree</key>
			<string>&lt;group&gt;</string>
		</dict>
		<key>5445CB920F3B18EE00325ED4</key>
		<dict>
			<key>fileRef</key>
			<string>5445CB900F3B18EE00325ED4</string>
			<key>isa</key>
			<string>PBXBuildFile</string>
			<key>settings</key>
			<dict>
				<key>ATTRIBUTES</key>
				<array>
					<string>Private</string>
				</array>
			</dict>
		</dict>
		<key>5445CB930F3B18EE00325ED4</key>
		<dict>
			<key>fileRef</key>
			<string>5445CB910F3B18EE00325ED4</string>
			<key>isa</key>
			<string>PBXBuildFile</string>
		</dict>
		<key>5445CBBC0F3B1AA400325ED4</key>
		<dict>
			<key>fileEncoding</key>
			<string>4</string>
			<key>isa</key>
			<string>PBXFileReference</string>
			<key>lastKnownFileType</key>
			<string>sourcecode.c.h</string>
			<key>path</key>
			<string>SBCouchView.h</string>
			<key>sourceTree</key>
			<string>&lt;group&gt;</string>
		</dict>
		<key>5445CBBD0F3B1AA400325ED4</key>
		<dict>
			<key>fileEncoding</key>
			<string>4</string>
			<key>isa</key>
			<string>PBXFileReference</string>
			<key>lastKnownFileType</key>
			<string>sourcecode.c.objc</string>
			<key>path</key>
			<string>SBCouchView.m</string>
			<key>sourceTree</key>
			<string>&lt;group&gt;</string>
		</dict>
		<key>5445CBBE0F3B1AA400325ED4</key>
		<dict>
			<key>fileRef</key>
			<string>5445CBBC0F3B1AA400325ED4</string>
			<key>isa</key>
			<string>PBXBuildFile</string>
			<key>settings</key>
			<dict>
				<key>ATTRIBUTES</key>
				<array>
					<string>Private</string>
				</array>
			</dict>
		</dict>
		<key>5445CBBF0F3B1AA400325ED4</key>
		<dict>
			<key>fileRef</key>
			<string>5445CBBD0F3B1AA400325ED4</string>
			<key>isa</key>
			<string>PBXBuildFile</string>
		</dict>
		<key>5445CBE00F3B29C800325ED4</key>
		<dict>
			<key>fileEncoding</key>
			<string>4</string>
			<key>isa</key>
			<string>PBXFileReference</string>
			<key>lastKnownFileType</key>
			<string>sourcecode.c.objc</string>
			<key>path</key>
			<string>SBCouchDesignDocumentTest.m</string>
			<key>sourceTree</key>
			<string>&lt;group&gt;</string>
		</dict>
		<key>5445CC690F3B3C8800325ED4</key>
		<dict>
			<key>children</key>
			<array>
				<string>54111F3E0F606B53007EE391</string>
				<string>5445D1910F3BA45100325ED4</string>
				<string>53905A820D943DF8003D62CE</string>
				<string>5315EE5B0D940717001E3B2E</string>
				<string>53905A560D943BD5003D62CE</string>
				<string>53A9DB1B0D94583C0019A94C</string>
				<string>53905A0E0D9429B4003D62CE</string>
				<string>5445CBBC0F3B1AA400325ED4</string>
				<string>5496302E0F18442600A9B002</string>
				<string>547768790F2B8ED300E44AFE</string>
				<string>5445CB900F3B18EE00325ED4</string>
				<string>544E9CE40F803252003F6025</string>
			</array>
			<key>isa</key>
			<string>PBXGroup</string>
			<key>name</key>
			<string>headers</string>
			<key>sourceTree</key>
			<string>&lt;group&gt;</string>
		</dict>
		<key>5445CD2E0F3B4A8F00325ED4</key>
		<dict>
			<key>fileEncoding</key>
			<string>4</string>
			<key>isa</key>
			<string>PBXFileReference</string>
			<key>lastKnownFileType</key>
			<string>sourcecode.c.objc</string>
			<key>path</key>
			<string>SBCouchViewTest.m</string>
			<key>sourceTree</key>
			<string>&lt;group&gt;</string>
		</dict>
		<key>5445CDC20F3B50B700325ED4</key>
		<dict>
			<key>fileEncoding</key>
			<string>4</string>
			<key>isa</key>
			<string>PBXFileReference</string>
			<key>lastKnownFileType</key>
			<string>sourcecode.c.objc</string>
			<key>path</key>
			<string>SBCouchDesignDocumentTest.m</string>
			<key>sourceTree</key>
			<string>&lt;group&gt;</string>
		</dict>
		<key>5445D1910F3BA45100325ED4</key>
		<dict>
			<key>fileEncoding</key>
			<string>4</string>
			<key>isa</key>
			<string>PBXFileReference</string>
			<key>lastKnownFileType</key>
			<string>sourcecode.c.h</string>
			<key>path</key>
			<string>SBOrderedDictionary.h</string>
			<key>sourceTree</key>
			<string>&lt;group&gt;</string>
		</dict>
		<key>5445D1920F3BA45100325ED4</key>
		<dict>
			<key>fileRef</key>
			<string>5445D1910F3BA45100325ED4</string>
			<key>isa</key>
			<string>PBXBuildFile</string>
			<key>settings</key>
			<dict>
				<key>ATTRIBUTES</key>
				<array>
					<string>Private</string>
				</array>
			</dict>
		</dict>
		<key>544E9CE40F803252003F6025</key>
		<dict>
			<key>fileEncoding</key>
			<string>4</string>
			<key>isa</key>
			<string>PBXFileReference</string>
			<key>lastKnownFileType</key>
			<string>sourcecode.c.h</string>
			<key>path</key>
			<string>SBCouchDatabaseInfoDocument.h</string>
			<key>sourceTree</key>
			<string>&lt;group&gt;</string>
		</dict>
		<key>544E9CE50F803252003F6025</key>
		<dict>
			<key>fileEncoding</key>
			<string>4</string>
			<key>isa</key>
			<string>PBXFileReference</string>
			<key>lastKnownFileType</key>
			<string>sourcecode.c.objc</string>
			<key>path</key>
			<string>SBCouchDatabaseInfoDocument.m</string>
			<key>sourceTree</key>
			<string>&lt;group&gt;</string>
		</dict>
		<key>544E9CE60F803252003F6025</key>
		<dict>
			<key>fileRef</key>
			<string>544E9CE40F803252003F6025</string>
			<key>isa</key>
			<string>PBXBuildFile</string>
			<key>settings</key>
			<dict>
				<key>ATTRIBUTES</key>
				<array>
					<string>Private</string>
				</array>
			</dict>
		</dict>
		<key>544E9CE70F803252003F6025</key>
		<dict>
			<key>fileRef</key>
			<string>544E9CE50F803252003F6025</string>
			<key>isa</key>
			<string>PBXBuildFile</string>
		</dict>
		<key>545E8DD80F17D31A00E96BEA</key>
		<dict>
			<key>fileEncoding</key>
			<string>4</string>
			<key>isa</key>
			<string>PBXFileReference</string>
			<key>lastKnownFileType</key>
			<string>text</string>
			<key>path</key>
			<string>README</string>
			<key>sourceTree</key>
			<string>&lt;group&gt;</string>
		</dict>
		<key>5464DD180F925B7700D052E0</key>
		<dict>
			<key>fileRef</key>
			<string>54111E970F5F1A80007EE391</string>
			<key>isa</key>
			<string>PBXBuildFile</string>
		</dict>
		<key>5477677B0F2B5B2800E44AFE</key>
		<dict>
			<key>fileRef</key>
			<string>540108430F1DA0E9002AC9E5</string>
			<key>isa</key>
			<string>PBXBuildFile</string>
		</dict>
		<key>547767ED0F2B80A900E44AFE</key>
		<dict>
			<key>fileEncoding</key>
			<string>4</string>
			<key>isa</key>
			<string>PBXFileReference</string>
			<key>lastKnownFileType</key>
			<string>sourcecode.c.objc</string>
			<key>path</key>
			<string>SBCouchDocumentIntegrationTest.m</string>
			<key>sourceTree</key>
			<string>&lt;group&gt;</string>
		</dict>
		<key>547767F60F2B812B00E44AFE</key>
		<dict>
			<key>fileEncoding</key>
			<string>4</string>
			<key>isa</key>
			<string>PBXFileReference</string>
			<key>lastKnownFileType</key>
			<string>sourcecode.c.objc</string>
			<key>path</key>
			<string>AbstractDatabaseTest.m</string>
			<key>sourceTree</key>
			<string>&lt;group&gt;</string>
		</dict>
		<key>5477680E0F2B83C800E44AFE</key>
		<dict>
			<key>fileEncoding</key>
			<string>4</string>
			<key>isa</key>
			<string>PBXFileReference</string>
			<key>lastKnownFileType</key>
			<string>sourcecode.c.h</string>
			<key>path</key>
			<string>AbstractDatabaseTest.h</string>
			<key>sourceTree</key>
			<string>&lt;group&gt;</string>
		</dict>
		<key>547768790F2B8ED300E44AFE</key>
		<dict>
			<key>fileEncoding</key>
			<string>4</string>
			<key>isa</key>
			<string>PBXFileReference</string>
			<key>lastKnownFileType</key>
			<string>sourcecode.c.h</string>
			<key>path</key>
			<string>SBCouchDocument.h</string>
			<key>sourceTree</key>
			<string>&lt;group&gt;</string>
		</dict>
		<key>5477687A0F2B8ED300E44AFE</key>
		<dict>
			<key>fileEncoding</key>
			<string>4</string>
			<key>isa</key>
			<string>PBXFileReference</string>
			<key>lastKnownFileType</key>
			<string>sourcecode.c.objc</string>
			<key>path</key>
			<string>SBCouchDocument.m</string>
			<key>sourceTree</key>
			<string>&lt;group&gt;</string>
		</dict>
		<key>5477687B0F2B8ED300E44AFE</key>
		<dict>
			<key>fileRef</key>
			<string>547768790F2B8ED300E44AFE</string>
			<key>isa</key>
			<string>PBXBuildFile</string>
			<key>settings</key>
			<dict>
				<key>ATTRIBUTES</key>
				<array>
					<string>Private</string>
				</array>
			</dict>
		</dict>
		<key>5477687C0F2B8ED300E44AFE</key>
		<dict>
			<key>fileRef</key>
			<string>5477687A0F2B8ED300E44AFE</string>
			<key>isa</key>
			<string>PBXBuildFile</string>
		</dict>
		<key>547768AE0F2B91ED00E44AFE</key>
		<dict>
			<key>fileEncoding</key>
			<string>4</string>
			<key>isa</key>
			<string>PBXFileReference</string>
			<key>lastKnownFileType</key>
			<string>sourcecode.c.objc</string>
			<key>path</key>
			<string>SBCouchDocumentTest.m</string>
			<key>sourceTree</key>
			<string>&lt;group&gt;</string>
		</dict>
		<key>5495B2E40F585D77007CEAEB</key>
		<dict>
			<key>fileEncoding</key>
			<string>4</string>
			<key>isa</key>
			<string>PBXFileReference</string>
			<key>lastKnownFileType</key>
			<string>sourcecode.c.objc</string>
			<key>path</key>
			<string>StandAloneDocumentsIntegrationTest.m</string>
			<key>sourceTree</key>
			<string>&lt;group&gt;</string>
		</dict>
		<key>5496302E0F18442600A9B002</key>
		<dict>
			<key>fileEncoding</key>
			<string>4</string>
			<key>isa</key>
			<string>PBXFileReference</string>
			<key>lastKnownFileType</key>
			<string>sourcecode.c.h</string>
			<key>path</key>
			<string>SBCouchEnumerator.h</string>
			<key>sourceTree</key>
			<string>&lt;group&gt;</string>
		</dict>
		<key>5496302F0F18442600A9B002</key>
		<dict>
			<key>fileEncoding</key>
			<string>4</string>
			<key>isa</key>
			<string>PBXFileReference</string>
			<key>lastKnownFileType</key>
			<string>sourcecode.c.objc</string>
			<key>path</key>
			<string>SBCouchEnumerator.m</string>
			<key>sourceTree</key>
			<string>&lt;group&gt;</string>
		</dict>
		<key>549630300F18442600A9B002</key>
		<dict>
			<key>fileRef</key>
			<string>5496302E0F18442600A9B002</string>
			<key>isa</key>
			<string>PBXBuildFile</string>
			<key>settings</key>
			<dict>
				<key>ATTRIBUTES</key>
				<array>
					<string>Private</string>
				</array>
			</dict>
		</dict>
		<key>549630310F18442600A9B002</key>
		<dict>
			<key>fileRef</key>
			<string>5496302F0F18442600A9B002</string>
			<key>isa</key>
			<string>PBXBuildFile</string>
		</dict>
		<key>54A70F020F685770004F7D2D</key>
		<dict>
			<key>fileEncoding</key>
			<string>4</string>
			<key>isa</key>
			<string>PBXFileReference</string>
			<key>lastKnownFileType</key>
			<string>sourcecode.c.objc</string>
			<key>path</key>
			<string>SBCouchDesignDocumentIntegrationTest.m</string>
			<key>sourceTree</key>
			<string>&lt;group&gt;</string>
		</dict>
		<key>54F989600F40D78000CAF6B0</key>
		<dict>
			<key>fileEncoding</key>
			<string>4</string>
			<key>isa</key>
			<string>PBXFileReference</string>
			<key>lastKnownFileType</key>
			<string>sourcecode.c.objc</string>
			<key>path</key>
			<string>SBSlowViewIntegrationTest.m</string>
			<key>sourceTree</key>
			<string>&lt;group&gt;</string>
		</dict>
		<key>5A42D90E3EA144FB8905A230</key>
		<dict>
			<key>buildActionMask</key>
			<string>2147483647</string>
			<key>files</key>
			<array/>
			<key>inputPaths</key>
			<array/>
			<key>isa</key>
			<string>PBXShellScriptBuildPhase</string>
			<key>name</key>
			<string>Copy Pods Resources</string>
			<key>outputPaths</key>
			<array/>
			<key>runOnlyForDeploymentPostprocessing</key>
			<string>0</string>
			<key>shellPath</key>
			<string>/bin/sh</string>
			<key>shellScript</key>
			<string>"${SRCROOT}/Pods/Pods-resources.sh"
</string>
		</dict>
		<key>619FB667B883468EAF570F08</key>
		<dict>
			<key>explicitFileType</key>
			<string>archive.ar</string>
			<key>includeInIndex</key>
			<string>0</string>
			<key>isa</key>
			<string>PBXFileReference</string>
			<key>name</key>
			<string>libPods.a</string>
			<key>path</key>
			<string>libPods.a</string>
			<key>sourceTree</key>
			<string>BUILT_PRODUCTS_DIR</string>
		</dict>
		<key>8DC2EF4F0486A6940098B216</key>
		<dict>
			<key>buildConfigurationList</key>
			<string>1DEB91AD08733DA50010E9CD</string>
			<key>buildPhases</key>
			<array>
				<string>53A9DBBB0D947A290019A94C</string>
				<string>8DC2EF500486A6940098B216</string>
				<string>8DC2EF520486A6940098B216</string>
				<string>8DC2EF540486A6940098B216</string>
				<string>8DC2EF560486A6940098B216</string>
				<string>5A42D90E3EA144FB8905A230</string>
			</array>
			<key>buildRules</key>
			<array/>
			<key>dependencies</key>
			<array/>
			<key>isa</key>
			<string>PBXNativeTarget</string>
			<key>name</key>
			<string>CouchObjC</string>
			<key>productInstallPath</key>
			<string>$(HOME)/Library/Frameworks</string>
			<key>productName</key>
			<string>CouchObjC</string>
			<key>productReference</key>
			<string>8DC2EF5B0486A6940098B216</string>
			<key>productType</key>
			<string>com.apple.product-type.framework</string>
		</dict>
		<key>8DC2EF500486A6940098B216</key>
		<dict>
			<key>buildActionMask</key>
			<string>2147483647</string>
			<key>files</key>
			<array>
				<string>5315EE5D0D940717001E3B2E</string>
				<string>53905A100D9429B4003D62CE</string>
				<string>53905A580D943BD5003D62CE</string>
				<string>53905A830D943DF8003D62CE</string>
				<string>53A9DB1D0D94583C0019A94C</string>
				<string>549630300F18442600A9B002</string>
				<string>5477687B0F2B8ED300E44AFE</string>
				<string>5445CB920F3B18EE00325ED4</string>
				<string>5445CBBE0F3B1AA400325ED4</string>
				<string>5445D1920F3BA45100325ED4</string>
				<string>54111F400F606B53007EE391</string>
				<string>544E9CE60F803252003F6025</string>
			</array>
			<key>isa</key>
			<string>PBXHeadersBuildPhase</string>
			<key>runOnlyForDeploymentPostprocessing</key>
			<string>0</string>
		</dict>
		<key>8DC2EF520486A6940098B216</key>
		<dict>
			<key>buildActionMask</key>
			<string>2147483647</string>
			<key>files</key>
			<array>
				<string>8DC2EF530486A6940098B216</string>
			</array>
			<key>isa</key>
			<string>PBXResourcesBuildPhase</string>
			<key>runOnlyForDeploymentPostprocessing</key>
			<string>0</string>
		</dict>
		<key>8DC2EF530486A6940098B216</key>
		<dict>
			<key>fileRef</key>
			<string>089C1666FE841158C02AAC07</string>
			<key>isa</key>
			<string>PBXBuildFile</string>
		</dict>
		<key>8DC2EF540486A6940098B216</key>
		<dict>
			<key>buildActionMask</key>
			<string>2147483647</string>
			<key>files</key>
			<array>
				<string>5315EE5E0D940717001E3B2E</string>
				<string>53905A110D9429B4003D62CE</string>
				<string>53905A590D943BD5003D62CE</string>
				<string>53A9DB1E0D94583C0019A94C</string>
				<string>549630310F18442600A9B002</string>
				<string>5477687C0F2B8ED300E44AFE</string>
				<string>540E17A00F30B42C00402ED3</string>
				<string>5445CB930F3B18EE00325ED4</string>
				<string>5445CBBF0F3B1AA400325ED4</string>
				<string>54111F410F606B53007EE391</string>
				<string>544E9CE70F803252003F6025</string>
			</array>
			<key>isa</key>
			<string>PBXSourcesBuildPhase</string>
			<key>runOnlyForDeploymentPostprocessing</key>
			<string>0</string>
		</dict>
		<key>8DC2EF560486A6940098B216</key>
		<dict>
			<key>buildActionMask</key>
			<string>2147483647</string>
			<key>files</key>
			<array>
				<string>5315EE8B0D941085001E3B2E</string>
				<string>540108440F1DA0E9002AC9E5</string>
				<string>0E9D43F95BC1420CAC0698D3</string>
			</array>
			<key>isa</key>
			<string>PBXFrameworksBuildPhase</string>
			<key>runOnlyForDeploymentPostprocessing</key>
			<string>0</string>
		</dict>
		<key>8DC2EF5A0486A6940098B216</key>
		<dict>
			<key>fileEncoding</key>
			<string>4</string>
			<key>isa</key>
			<string>PBXFileReference</string>
			<key>lastKnownFileType</key>
			<string>text.plist.xml</string>
			<key>path</key>
			<string>Info.plist</string>
			<key>sourceTree</key>
			<string>&lt;group&gt;</string>
		</dict>
		<key>8DC2EF5B0486A6940098B216</key>
		<dict>
			<key>explicitFileType</key>
			<string>wrapper.framework</string>
			<key>includeInIndex</key>
			<string>0</string>
			<key>isa</key>
			<string>PBXFileReference</string>
			<key>name</key>
			<string>CouchObjC.framework</string>
			<key>path</key>
			<string>CouchObjC.framework</string>
			<key>sourceTree</key>
			<string>BUILT_PRODUCTS_DIR</string>
		</dict>
		<key>D2F7E79907B2D74100F64583</key>
		<dict>
			<key>isa</key>
			<string>PBXFileReference</string>
			<key>lastKnownFileType</key>
			<string>wrapper.framework</string>
			<key>name</key>
			<string>CoreData.framework</string>
			<key>path</key>
			<string>/System/Library/Frameworks/CoreData.framework</string>
			<key>sourceTree</key>
			<string>&lt;absolute&gt;</string>
		</dict>
		<key>E4B5CB5D12CB466F8D502C89</key>
		<dict>
			<key>includeInIndex</key>
			<string>1</string>
			<key>isa</key>
			<string>PBXFileReference</string>
			<key>lastKnownFileType</key>
			<string>text.xcconfig</string>
			<key>name</key>
			<string>Pods.xcconfig</string>
			<key>path</key>
			<string>Pods/Pods.xcconfig</string>
			<key>sourceTree</key>
			<string>SOURCE_ROOT</string>
		</dict>
	</dict>
	<key>rootObject</key>
	<string>0867D690FE84028FC02AAC07</string>
</dict>
</plist>
